Microsoft Visual Studio Solution File, Format Version 12.00
# Visual Studio Version 17
VisualStudioVersion = 17.0.31903.59
MinimumVisualStudioVersion = 10.0.40219.1
Project("{2150E333-8FDC-42A3-9474-1A3956D46DE8}") = "src", "src", "{827E0CD3-B72D-47B6-A68D-7590B98EB39B}"
EndProject
Project("{FAE04EC0-301F-11D3-BF4B-00C04F79EFBC}") = "WirelessSecurityAnalyzer.Core", "src\WirelessSecurityAnalyzer.Core\WirelessSecurityAnalyzer.Core.csproj", "{04285D06-DBB8-45C7-8358-1C21964D26ED}"
EndProject
Project("{FAE04EC0-301F-11D3-BF4B-00C04F79EFBC}") = "WirelessSecurityAnalyzer.Infrastructure.Windows", "src\WirelessSecurityAnalyzer.Infrastructure.Windows\WirelessSecurityAnalyzer.Infrastructure.Windows.csproj", "{FBA5D3C7-0B8A-49A9-AE85-0F1764F14F54}"
EndProject
Project("{FAE04EC0-301F-11D3-BF4B-00C04F79EFBC}") = "WirelessSecurityAnalyzer.App", "src\WirelessSecurityAnalyzer.App\WirelessSecurityAnalyzer.App.csproj", "{4C9250B9-50C3-4DD7-895C-ED6561D266EE}"
EndProject
Global
	GlobalSection(SolutionConfigurationPlatforms) = preSolution
		Debug|Any CPU = Debug|Any CPU
		Debug|x64 = Debug|x64
		Debug|x86 = Debug|x86
		Release|Any CPU = Release|Any CPU
		Release|x64 = Release|x64
		Release|x86 = Release|x86
	EndGlobalSection
	GlobalSection(ProjectConfigurationPlatforms) = postSolution
		{04285D06-DBB8-45C7-8358-1C21964D26ED}.Debug|Any CPU.ActiveCfg = Debug|Any CPU
		{04285D06-DBB8-45C7-8358-1C21964D26ED}.Debug|Any CPU.Build.0 = Debug|Any CPU
		{04285D06-DBB8-45C7-8358-1C21964D26ED}.Debug|x64.ActiveCfg = Debug|Any CPU
		{04285D06-DBB8-45C7-8358-1C21964D26ED}.Debug|x64.Build.0 = Debug|Any CPU
		{04285D06-DBB8-45C7-8358-1C21964D26ED}.Debug|x86.ActiveCfg = Debug|Any CPU
		{04285D06-DBB8-45C7-8358-1C21964D26ED}.Debug|x86.Build.0 = Debug|Any CPU
		{04285D06-DBB8-45C7-8358-1C21964D26ED}.Release|Any CPU.ActiveCfg = Release|Any CPU
		{04285D06-DBB8-45C7-8358-1C21964D26ED}.Release|Any CPU.Build.0 = Release|Any CPU
		{04285D06-DBB8-45C7-8358-1C21964D26ED}.Release|x64.ActiveCfg = Release|Any CPU
		{04285D06-DBB8-45C7-8358-1C21964D26ED}.Release|x64.Build.0 = Release|Any CPU
		{04285D06-DBB8-45C7-8358-1C21964D26ED}.Release|x86.ActiveCfg = Release|Any CPU
		{04285D06-DBB8-45C7-8358-1C21964D26ED}.Release|x86.Build.0 = Release|Any CPU
		{FBA5D3C7-0B8A-49A9-AE85-0F1764F14F54}.Debug|Any CPU.ActiveCfg = Debug|Any CPU
		{FBA5D3C7-0B8A-49A9-AE85-0F1764F14F54}.Debug|Any CPU.Build.0 = Debug|Any CPU
		{FBA5D3C7-0B8A-49A9-AE85-0F1764F14F54}.Debug|x64.ActiveCfg = Debug|Any CPU
		{FBA5D3C7-0B8A-49A9-AE85-0F1764F14F54}.Debug|x64.Build.0 = Debug|Any CPU
		{FBA5D3C7-0B8A-49A9-AE85-0F1764F14F54}.Debug|x86.ActiveCfg = Debug|Any CPU
		{FBA5D3C7-0B8A-49A9-AE85-0F1764F14F54}.Debug|x86.Build.0 = Debug|Any CPU
		{FBA5D3C7-0B8A-49A9-AE85-0F1764F14F54}.Release|Any CPU.ActiveCfg = Release|Any CPU
		{FBA5D3C7-0B8A-49A9-AE85-0F1764F14F54}.Release|Any CPU.Build.0 = Release|Any CPU
		{FBA5D3C7-0B8A-49A9-AE85-0F1764F14F54}.Release|x64.ActiveCfg = Release|Any CPU
		{FBA5D3C7-0B8A-49A9-AE85-0F1764F14F54}.Release|x64.Build.0 = Release|Any CPU
		{FBA5D3C7-0B8A-49A9-AE85-0F1764F14F54}.Release|x86.ActiveCfg = Release|Any CPU
		{FBA5D3C7-0B8A-49A9-AE85-0F1764F14F54}.Release|x86.Build.0 = Release|Any CPU
		{4C9250B9-50C3-4DD7-895C-ED6561D266EE}.Debug|Any CPU.ActiveCfg = Debug|Any CPU
		{4C9250B9-50C3-4DD7-895C-ED6561D266EE}.Debug|Any CPU.Build.0 = Debug|Any CPU
		{4C9250B9-50C3-4DD7-895C-ED6561D266EE}.Debug|x64.ActiveCfg = Debug|Any CPU
		{4C9250B9-50C3-4DD7-895C-ED6561D266EE}.Debug|x64.Build.0 = Debug|Any CPU
		{4C9250B9-50C3-4DD7-895C-ED6561D266EE}.Debug|x86.ActiveCfg = Debug|Any CPU
		{4C9250B9-50C3-4DD7-895C-ED6561D266EE}.Debug|x86.Build.0 = Debug|Any CPU
		{4C9250B9-50C3-4DD7-895C-ED6561D266EE}.Release|Any CPU.ActiveCfg = Release|Any CPU
		{4C9250B9-50C3-4DD7-895C-ED6561D266EE}.Release|Any CPU.Build.0 = Release|Any CPU
		{4C9250B9-50C3-4DD7-895C-ED6561D266EE}.Release|x64.ActiveCfg = Release|Any CPU
		{4C9250B9-50C3-4DD7-895C-ED6561D266EE}.Release|x64.Build.0 = Release|Any CPU
		{4C9250B9-50C3-4DD7-895C-ED6561D266EE}.Release|x86.ActiveCfg = Release|Any CPU
		{4C9250B9-50C3-4DD7-895C-ED6561D266EE}.Release|x86.Build.0 = Release|Any CPU
	EndGlobalSection
	GlobalSection(SolutionProperties) = preSolution
		HideSolutionNode = FALSE
	EndGlobalSection
	GlobalSection(NestedProjects) = preSolution
		{04285D06-DBB8-45C7-8358-1C21964D26ED} = {827E0CD3-B72D-47B6-A68D-7590B98EB39B}
		{FBA5D3C7-0B8A-49A9-AE85-0F1764F14F54} = {827E0CD3-B72D-47B6-A68D-7590B98EB39B}
		{4C9250B9-50C3-4DD7-895C-ED6561D266EE} = {827E0CD3-B72D-47B6-A68D-7590B98EB39B}
	EndGlobalSection
EndGlobal
